
Microsoft Visual Studio Solution File, Format Version 12.00
# Visual Studio 15
Project("{FAE04EC0-301F-11D3-BF4B-00C04F79EFBC}") = "DragDetector", "DragDetector\DragDetector.csproj", "{426E92ED-CFDA-4CDB-8DBA-1264521327CF}"
EndProject
Global
	GlobalSection(SolutionConfigurationPlatforms) = preSolution
		Debug|Any CPU = Debug|Any CPU
		Release|Any CPU = Release|Any CPU
	EndGlobalSection
	GlobalSection(ProjectConfigurationPlatforms) = postSolution
		{426E92ED-CFDA-4CDB-8DBA-1264521327CF}.Debug|Any CPU.ActiveCfg = Debug|Any CPU
		{426E92ED-CFDA-4CDB-8DBA-1264521327CF}.Debug|Any CPU.Build.0 = Debug|Any CPU
		{426E92ED-CFDA-4CDB-8DBA-1264521327CF}.Release|Any CPU.ActiveCfg = Release|Any CPU
		{426E92ED-CFDA-4CDB-8DBA-1264521327CF}.Release|Any CPU.Build.0 = Release|Any CPU
	EndGlobalSection
EndGlobal
